
Microsoft Visual Studio Solution File, Format Version 12.00
# Visual Studio Version 17
VisualStudioVersion = 17.4.33205.214
MinimumVisualStudioVersion = 10.0.40219.1
Project("{9A19103F-16F7-4668-BE54-9A1E7A4F7556}") = "UserManager", "UserManager\UserManager.csproj", "{27092ED5-4438-45DF-BEEC-149C7BEA544B}"
EndProject
Project("{9A19103F-16F7-4668-BE54-9A1E7A4F7556}") = "Domain", "Domain\Domain.csproj", "{51C6A6B5-8AA9-4906-9E7D-B3E1DA00E68D}"
EndProject
Project("{9A19103F-16F7-4668-BE54-9A1E7A4F7556}") = "EventAggregator", "EventAggregator\EventAggregator.csproj", "{6B7FE974-BA04-431A-9B6A-76326C5E0AE8}"
EndProject
Project("{9A19103F-16F7-4668-BE54-9A1E7A4F7556}") = "DAL", "DALTemp\DAL.csproj", "{27B218E7-B756-4615-A751-48738E0932FE}"
EndProject
Project("{9A19103F-16F7-4668-BE54-9A1E7A4F7556}") = "TestDAL", "TestDAL\TestDAL.csproj", "{15C7EF1B-0EEC-4474-BF35-99685915B3AE}"
EndProject
Global
	GlobalSection(SolutionConfigurationPlatforms) = preSolution
		Debug|Any CPU = Debug|Any CPU
		Release|Any CPU = Release|Any CPU
	EndGlobalSection
	GlobalSection(ProjectConfigurationPlatforms) = postSolution
		{27092ED5-4438-45DF-BEEC-149C7BEA544B}.Debug|Any CPU.ActiveCfg = Debug|Any CPU
		{27092ED5-4438-45DF-BEEC-149C7BEA544B}.Debug|Any CPU.Build.0 = Debug|Any CPU
		{27092ED5-4438-45DF-BEEC-149C7BEA544B}.Release|Any CPU.ActiveCfg = Release|Any CPU
		{27092ED5-4438-45DF-BEEC-149C7BEA544B}.Release|Any CPU.Build.0 = Release|Any CPU
		{51C6A6B5-8AA9-4906-9E7D-B3E1DA00E68D}.Debug|Any CPU.ActiveCfg = Debug|Any CPU
		{51C6A6B5-8AA9-4906-9E7D-B3E1DA00E68D}.Debug|Any CPU.Build.0 = Debug|Any CPU
		{51C6A6B5-8AA9-4906-9E7D-B3E1DA00E68D}.Release|Any CPU.ActiveCfg = Release|Any CPU
		{51C6A6B5-8AA9-4906-9E7D-B3E1DA00E68D}.Release|Any CPU.Build.0 = Release|Any CPU
		{6B7FE974-BA04-431A-9B6A-76326C5E0AE8}.Debug|Any CPU.ActiveCfg = Debug|Any CPU
		{6B7FE974-BA04-431A-9B6A-76326C5E0AE8}.Debug|Any CPU.Build.0 = Debug|Any CPU
		{6B7FE974-BA04-431A-9B6A-76326C5E0AE8}.Release|Any CPU.ActiveCfg = Release|Any CPU
		{6B7FE974-BA04-431A-9B6A-76326C5E0AE8}.Release|Any CPU.Build.0 = Release|Any CPU
		{27B218E7-B756-4615-A751-48738E0932FE}.Debug|Any CPU.ActiveCfg = Debug|Any CPU
		{27B218E7-B756-4615-A751-48738E0932FE}.Debug|Any CPU.Build.0 = Debug|Any CPU
		{27B218E7-B756-4615-A751-48738E0932FE}.Release|Any CPU.ActiveCfg = Release|Any CPU
		{27B218E7-B756-4615-A751-48738E0932FE}.Release|Any CPU.Build.0 = Release|Any CPU
		{15C7EF1B-0EEC-4474-BF35-99685915B3AE}.Debug|Any CPU.ActiveCfg = Debug|Any CPU
		{15C7EF1B-0EEC-4474-BF35-99685915B3AE}.Debug|Any CPU.Build.0 = Debug|Any CPU
		{15C7EF1B-0EEC-4474-BF35-99685915B3AE}.Release|Any CPU.ActiveCfg = Release|Any CPU
		{15C7EF1B-0EEC-4474-BF35-99685915B3AE}.Release|Any CPU.Build.0 = Release|Any CPU
	EndGlobalSection
	GlobalSection(SolutionProperties) = preSolution
		HideSolutionNode = FALSE
	EndGlobalSection
	GlobalSection(ExtensibilityGlobals) = postSolution
		SolutionGuid = {76B28C07-F50D-4DF4-8983-FC50BBF48869}
	EndGlobalSection
EndGlobal
